
Microsoft Visual Studio Solution File, Format Version 12.00
# Visual Studio Version 16
VisualStudioVersion = 16.0.33927.289
MinimumVisualStudioVersion = 10.0.40219.1
Project("{2150E333-8FDC-42A3-9474-1A3956D46DE8}") = "Task0", "Task0", "{F48F218D-6E73-4913-9D02-70B1CBA4B8A0}"
EndProject
Project("{FAE04EC0-301F-11D3-BF4B-00C04F79EFBC}") = "Tyuiu.SavenkovaME.Sprint4.Task0.V1", "Tyuiu.SavenkovaME.Sprint4.Task0.V1\Tyuiu.SavenkovaME.Sprint4.Task0.V1.csproj", "{C8015377-1505-449F-8CEA-B35FDFD898C8}"
EndProject
Project("{FAE04EC0-301F-11D3-BF4B-00C04F79EFBC}") = "Tyuiu.SavenkovaME.Sprint4.Task0.V1.Lib", "Tyuiu.SavenkovaME.Sprint4.Task0.V1.Lib\Tyuiu.SavenkovaME.Sprint4.Task0.V1.Lib.csproj", "{C68C256F-2A87-4FC2-B1E0-C1EC1A1AE099}"
EndProject
Project("{FAE04EC0-301F-11D3-BF4B-00C04F79EFBC}") = "Tyuiu.SavenkovaME.Sprint4.Task0.V1.Test", "Tyuiu.SavenkovaME.Sprint4.Task0.V1.Test\Tyuiu.SavenkovaME.Sprint4.Task0.V1.Test.csproj", "{A6776A83-2382-4D4E-930F-A476E8811BCA}"
EndProject
Project("{2150E333-8FDC-42A3-9474-1A3956D46DE8}") = "Task1", "Task1", "{8FD8E280-599A-4DDA-AA8F-0D0FF7797B4E}"
EndProject
Project("{FAE04EC0-301F-11D3-BF4B-00C04F79EFBC}") = "Tyuiu.SavenkovaME.Sprint4.Task1.V19", "Tyuiu.SavenkovaME.Sprint4.Task1.V19\Tyuiu.SavenkovaME.Sprint4.Task1.V19.csproj", "{98BE5A07-BE1C-4776-A82F-F10D4485F017}"
EndProject
Project("{FAE04EC0-301F-11D3-BF4B-00C04F79EFBC}") = "Tyuiu.SavenkovaME.Sprint4.Task1.V19.Lib", "Tyuiu.SavenkovaME.Sprint4.Task1.V19.Lib\Tyuiu.SavenkovaME.Sprint4.Task1.V19.Lib.csproj", "{91CFD834-94FC-430D-9147-2556B16A3E0C}"
EndProject
Project("{FAE04EC0-301F-11D3-BF4B-00C04F79EFBC}") = "Tyuiu.SavenkovaME.Sprint4.Task1.V19.Test", "Tyuiu.SavenkovaME.Sprint4.Task1.V19.Test\Tyuiu.SavenkovaME.Sprint4.Task1.V19.Test.csproj", "{18B76631-E49E-40C5-9BA8-1A00B7614F89}"
EndProject
Project("{2150E333-8FDC-42A3-9474-1A3956D46DE8}") = "Task2", "Task2", "{6B47517E-BBDC-4AC5-8E94-1861E540B423}"
EndProject
Project("{FAE04EC0-301F-11D3-BF4B-00C04F79EFBC}") = "Tyuiu.SavenkovaME.Sprint4.Task2.V1", "Tyuiu.SavenkovaME.Sprint4.Task2.V1\Tyuiu.SavenkovaME.Sprint4.Task2.V1.csproj", "{BCA84C6B-99ED-4ABC-8EDF-E179904DFC18}"
EndProject
Project("{FAE04EC0-301F-11D3-BF4B-00C04F79EFBC}") = "Tyuiu.SavenkovaME.Sprint4.Task2.V1.Lib", "Tyuiu.SavenkovaME.Sprint4.Task2.V1.Lib\Tyuiu.SavenkovaME.Sprint4.Task2.V1.Lib.csproj", "{C8840420-D9CE-46AE-963C-91C03F2B1F54}"
EndProject
Project("{FAE04EC0-301F-11D3-BF4B-00C04F79EFBC}") = "Tyuiu.SavenkovaME.Sprint4.Task2.V1.Test", "Tyuiu.SavenkovaME.Sprint4.Task2.V1.Test\Tyuiu.SavenkovaME.Sprint4.Task2.V1.Test.csproj", "{535A9B52-FD46-4DA7-8C6F-EF90A885CBA5}"
EndProject
Project("{2150E333-8FDC-42A3-9474-1A3956D46DE8}") = "Task3", "Task3", "{656871F9-CB9F-46E8-9F7D-B43DC55B9EB6}"
EndProject
Project("{FAE04EC0-301F-11D3-BF4B-00C04F79EFBC}") = "Tyuiu.SavenkovaME.Sprint4.Task3.V22", "Tyuiu.SavenkovaME.Sprint4.Task3.V22\Tyuiu.SavenkovaME.Sprint4.Task3.V22.csproj", "{6913509D-6BF3-4D9F-B5A4-3AB8842C5A6D}"
EndProject
Project("{FAE04EC0-301F-11D3-BF4B-00C04F79EFBC}") = "Tyuiu.SavenkovaME.Sprint4.Task3.V22.Lib", "Tyuiu.SavenkovaME.Sprint4.Task3.V22.Lib\Tyuiu.SavenkovaME.Sprint4.Task3.V22.Lib.csproj", "{A0655B4E-70B9-4C4C-A377-C509F22B7FEC}"
EndProject
Project("{FAE04EC0-301F-11D3-BF4B-00C04F79EFBC}") = "Tyuiu.SavenkovaME.Sprint4.Task3.V22.Test", "Tyuiu.SavenkovaME.Sprint4.Task3.V22.Test\Tyuiu.SavenkovaME.Sprint4.Task3.V22.Test.csproj", "{DCDA3D0F-7349-4BAD-BDB7-AF865CDE1FC0}"
EndProject
Global
	GlobalSection(SolutionConfigurationPlatforms) = preSolution
		Debug|Any CPU = Debug|Any CPU
		Release|Any CPU = Release|Any CPU
	EndGlobalSection
	GlobalSection(ProjectConfigurationPlatforms) = postSolution
		{C8015377-1505-449F-8CEA-B35FDFD898C8}.Debug|Any CPU.ActiveCfg = Debug|Any CPU
		{C8015377-1505-449F-8CEA-B35FDFD898C8}.Debug|Any CPU.Build.0 = Debug|Any CPU
		{C8015377-1505-449F-8CEA-B35FDFD898C8}.Release|Any CPU.ActiveCfg = Release|Any CPU
		{C8015377-1505-449F-8CEA-B35FDFD898C8}.Release|Any CPU.Build.0 = Release|Any CPU
		{C68C256F-2A87-4FC2-B1E0-C1EC1A1AE099}.Debug|Any CPU.ActiveCfg = Debug|Any CPU
		{C68C256F-2A87-4FC2-B1E0-C1EC1A1AE099}.Debug|Any CPU.Build.0 = Debug|Any CPU
		{C68C256F-2A87-4FC2-B1E0-C1EC1A1AE099}.Release|Any CPU.ActiveCfg = Release|Any CPU
		{C68C256F-2A87-4FC2-B1E0-C1EC1A1AE099}.Release|Any CPU.Build.0 = Release|Any CPU
		{A6776A83-2382-4D4E-930F-A476E8811BCA}.Debug|Any CPU.ActiveCfg = Debug|Any CPU
		{A6776A83-2382-4D4E-930F-A476E8811BCA}.Debug|Any CPU.Build.0 = Debug|Any CPU
		{A6776A83-2382-4D4E-930F-A476E8811BCA}.Release|Any CPU.ActiveCfg = Release|Any CPU
		{A6776A83-2382-4D4E-930F-A476E8811BCA}.Release|Any CPU.Build.0 = Release|Any CPU
		{98BE5A07-BE1C-4776-A82F-F10D4485F017}.Debug|Any CPU.ActiveCfg = Debug|Any CPU
		{98BE5A07-BE1C-4776-A82F-F10D4485F017}.Debug|Any CPU.Build.0 = Debug|Any CPU
		{98BE5A07-BE1C-4776-A82F-F10D4485F017}.Release|Any CPU.ActiveCfg = Release|Any CPU
		{98BE5A07-BE1C-4776-A82F-F10D4485F017}.Release|Any CPU.Build.0 = Release|Any CPU
		{91CFD834-94FC-430D-9147-2556B16A3E0C}.Debug|Any CPU.ActiveCfg = Debug|Any CPU
		{91CFD834-94FC-430D-9147-2556B16A3E0C}.Debug|Any CPU.Build.0 = Debug|Any CPU
		{91CFD834-94FC-430D-9147-2556B16A3E0C}.Release|Any CPU.ActiveCfg = Release|Any CPU
		{91CFD834-94FC-430D-9147-2556B16A3E0C}.Release|Any CPU.Build.0 = Release|Any CPU
		{18B76631-E49E-40C5-9BA8-1A00B7614F89}.Debug|Any CPU.ActiveCfg = Debug|Any CPU
		{18B76631-E49E-40C5-9BA8-1A00B7614F89}.Debug|Any CPU.Build.0 = Debug|Any CPU
		{18B76631-E49E-40C5-9BA8-1A00B7614F89}.Release|Any CPU.ActiveCfg = Release|Any CPU
		{18B76631-E49E-40C5-9BA8-1A00B7614F89}.Release|Any CPU.Build.0 = Release|Any CPU
		{BCA84C6B-99ED-4ABC-8EDF-E179904DFC18}.Debug|Any CPU.ActiveCfg = Debug|Any CPU
		{BCA84C6B-99ED-4ABC-8EDF-E179904DFC18}.Debug|Any CPU.Build.0 = Debug|Any CPU
		{BCA84C6B-99ED-4ABC-8EDF-E179904DFC18}.Release|Any CPU.ActiveCfg = Release|Any CPU
		{BCA84C6B-99ED-4ABC-8EDF-E179904DFC18}.Release|Any CPU.Build.0 = Release|Any CPU
		{C8840420-D9CE-46AE-963C-91C03F2B1F54}.Debug|Any CPU.ActiveCfg = Debug|Any CPU
		{C8840420-D9CE-46AE-963C-91C03F2B1F54}.Debug|Any CPU.Build.0 = Debug|Any CPU
		{C8840420-D9CE-46AE-963C-91C03F2B1F54}.Release|Any CPU.ActiveCfg = Release|Any CPU
		{C8840420-D9CE-46AE-963C-91C03F2B1F54}.Release|Any CPU.Build.0 = Release|Any CPU
		{535A9B52-FD46-4DA7-8C6F-EF90A885CBA5}.Debug|Any CPU.ActiveCfg = Debug|Any CPU
		{535A9B52-FD46-4DA7-8C6F-EF90A885CBA5}.Debug|Any CPU.Build.0 = Debug|Any CPU
		{535A9B52-FD46-4DA7-8C6F-EF90A885CBA5}.Release|Any CPU.ActiveCfg = Release|Any CPU
		{535A9B52-FD46-4DA7-8C6F-EF90A885CBA5}.Release|Any CPU.Build.0 = Release|Any CPU
		{6913509D-6BF3-4D9F-B5A4-3AB8842C5A6D}.Debug|Any CPU.ActiveCfg = Debug|Any CPU
		{6913509D-6BF3-4D9F-B5A4-3AB8842C5A6D}.Debug|Any CPU.Build.0 = Debug|Any CPU
		{6913509D-6BF3-4D9F-B5A4-3AB8842C5A6D}.Release|Any CPU.ActiveCfg = Release|Any CPU
		{6913509D-6BF3-4D9F-B5A4-3AB8842C5A6D}.Release|Any CPU.Build.0 = Release|Any CPU
		{A0655B4E-70B9-4C4C-A377-C509F22B7FEC}.Debug|Any CPU.ActiveCfg = Debug|Any CPU
		{A0655B4E-70B9-4C4C-A377-C509F22B7FEC}.Debug|Any CPU.Build.0 = Debug|Any CPU
		{A0655B4E-70B9-4C4C-A377-C509F22B7FEC}.Release|Any CPU.ActiveCfg = Release|Any CPU
		{A0655B4E-70B9-4C4C-A377-C509F22B7FEC}.Release|Any CPU.Build.0 = Release|Any CPU
		{DCDA3D0F-7349-4BAD-BDB7-AF865CDE1FC0}.Debug|Any CPU.ActiveCfg = Debug|Any CPU
		{DCDA3D0F-7349-4BAD-BDB7-AF865CDE1FC0}.Debug|Any CPU.Build.0 = Debug|Any CPU
		{DCDA3D0F-7349-4BAD-BDB7-AF865CDE1FC0}.Release|Any CPU.ActiveCfg = Release|Any CPU
		{DCDA3D0F-7349-4BAD-BDB7-AF865CDE1FC0}.Release|Any CPU.Build.0 = Release|Any CPU
	EndGlobalSection
	GlobalSection(SolutionProperties) = preSolution
		HideSolutionNode = FALSE
	EndGlobalSection
	GlobalSection(NestedProjects) = preSolution
		{C8015377-1505-449F-8CEA-B35FDFD898C8} = {F48F218D-6E73-4913-9D02-70B1CBA4B8A0}
		{C68C256F-2A87-4FC2-B1E0-C1EC1A1AE099} = {F48F218D-6E73-4913-9D02-70B1CBA4B8A0}
		{A6776A83-2382-4D4E-930F-A476E8811BCA} = {F48F218D-6E73-4913-9D02-70B1CBA4B8A0}
		{98BE5A07-BE1C-4776-A82F-F10D4485F017} = {8FD8E280-599A-4DDA-AA8F-0D0FF7797B4E}
		{91CFD834-94FC-430D-9147-2556B16A3E0C} = {8FD8E280-599A-4DDA-AA8F-0D0FF7797B4E}
		{18B76631-E49E-40C5-9BA8-1A00B7614F89} = {8FD8E280-599A-4DDA-AA8F-0D0FF7797B4E}
		{BCA84C6B-99ED-4ABC-8EDF-E179904DFC18} = {6B47517E-BBDC-4AC5-8E94-1861E540B423}
		{C8840420-D9CE-46AE-963C-91C03F2B1F54} = {6B47517E-BBDC-4AC5-8E94-1861E540B423}
		{535A9B52-FD46-4DA7-8C6F-EF90A885CBA5} = {6B47517E-BBDC-4AC5-8E94-1861E540B423}
		{6913509D-6BF3-4D9F-B5A4-3AB8842C5A6D} = {656871F9-CB9F-46E8-9F7D-B43DC55B9EB6}
		{A0655B4E-70B9-4C4C-A377-C509F22B7FEC} = {656871F9-CB9F-46E8-9F7D-B43DC55B9EB6}
		{DCDA3D0F-7349-4BAD-BDB7-AF865CDE1FC0} = {656871F9-CB9F-46E8-9F7D-B43DC55B9EB6}
	EndGlobalSection
	GlobalSection(ExtensibilityGlobals) = postSolution
		SolutionGuid = {A9E7F929-9215-47A1-B6B1-2C9059164873}
	EndGlobalSection
EndGlobal
